// !$*UTF8*$!
{
	archiveVersion = 1;
	classes = {
	};
	objectVersion = 55;
	objects = {

/* Begin PBXBuildFile section */
		183A3626274F4DF60001A80D /* Localizable.strings in Resources */ = {isa = PBXBuildFile; fileRef = 183A3628274F4DF60001A80D /* Localizable.strings */; };
		183A362C274F53050001A80D /* Credits.rtfd in Resources */ = {isa = PBXBuildFile; fileRef = 183A362E274F53050001A80D /* Credits.rtfd */; };
		187FC817274E4D5B00939612 /* HelperAppDelegate.swift in Sources */ = {isa = PBXBuildFile; fileRef = 187FC816274E4D5B00939612 /* HelperAppDelegate.swift */; };
		187FC81B274E4D5D00939612 /* Assets.xcassets in Resources */ = {isa = PBXBuildFile; fileRef = 187FC81A274E4D5D00939612 /* Assets.xcassets */; };
		187FC81E274E4D5D00939612 /* Main.storyboard in Resources */ = {isa = PBXBuildFile; fileRef = 187FC81C274E4D5D00939612 /* Main.storyboard */; };
		187FC827274E505900939612 /* AppDimmerLoginHelper.app in CopyFiles */ = {isa = PBXBuildFile; fileRef = 187FC814274E4D5B00939612 /* AppDimmerLoginHelper.app */; settings = {ATTRIBUTES = (RemoveHeadersOnCopy, ); }; };
		188A0E2E281984FE00ED08BF /* AXSwift in Frameworks */ = {isa = PBXBuildFile; productRef = 188A0E2D281984FE00ED08BF /* AXSwift */; };
		18FCCF36274B9317005FF1AD /* AppDelegate.swift in Sources */ = {isa = PBXBuildFile; fileRef = 18FCCF35274B9317005FF1AD /* AppDelegate.swift */; };
		18FCCF3A274B9318005FF1AD /* Assets.xcassets in Resources */ = {isa = PBXBuildFile; fileRef = 18FCCF39274B9318005FF1AD /* Assets.xcassets */; };
		18FCCF3D274B9318005FF1AD /* Main.storyboard in Resources */ = {isa = PBXBuildFile; fileRef = 18FCCF3B274B9318005FF1AD /* Main.storyboard */; };
/* End PBXBuildFile section */

/* Begin PBXCopyFilesBuildPhase section */
		187FC826274E505300939612 /* CopyFiles */ = {
			isa = PBXCopyFilesBuildPhase;
			buildActionMask = 2147483647;
			dstPath = Contents/Library/LoginItems;
			dstSubfolderSpec = 1;
			files = (
				187FC827274E505900939612 /* AppDimmerLoginHelper.app in CopyFiles */,
			);
			runOnlyForDeploymentPostprocessing = 0;
		};
/* End PBXCopyFilesBuildPhase section */

/* Begin PBXFileReference section */
		183A3627274F4DF60001A80D /* en */ = {isa = PBXFileReference; lastKnownFileType = text.plist.strings; name = en; path = en.lproj/Localizable.strings; sourceTree = "<group>"; };
		183A362A274F4E040001A80D /* zh-Hant */ = {isa = PBXFileReference; lastKnownFileType = text.plist.strings; name = "zh-Hant"; path = "zh-Hant.lproj/Localizable.strings"; sourceTree = "<group>"; };
		183A362B274F4E110001A80D /* zh-HK */ = {isa = PBXFileReference; lastKnownFileType = text.plist.strings; name = "zh-HK"; path = "zh-HK.lproj/Localizable.strings"; sourceTree = "<group>"; };
		183A362D274F53050001A80D /* Base */ = {isa = PBXFileReference; lastKnownFileType = wrapper.rtfd; name = Base; path = Base.lproj/Credits.rtfd; sourceTree = "<group>"; };
		183A362F274F53080001A80D /* en */ = {isa = PBXFileReference; lastKnownFileType = wrapper.rtfd; name = en; path = en.lproj/Credits.rtfd; sourceTree = "<group>"; };
		183A3630274F530C0001A80D /* zh-HK */ = {isa = PBXFileReference; lastKnownFileType = wrapper.rtfd; name = "zh-HK"; path = "zh-HK.lproj/Credits.rtfd"; sourceTree = "<group>"; };
		183A3632274F530D0001A80D /* zh-Hant */ = {isa = PBXFileReference; lastKnownFileType = wrapper.rtfd; name = "zh-Hant"; path = "zh-Hant.lproj/Credits.rtfd"; sourceTree = "<group>"; };
		183A3635274F5B510001A80D /* zh-Hans */ = {isa = PBXFileReference; lastKnownFileType = wrapper.rtfd; name = "zh-Hans"; path = "zh-Hans.lproj/Credits.rtfd"; sourceTree = "<group>"; };
		183A3636274F5B990001A80D /* zh-Hans */ = {isa = PBXFileReference; lastKnownFileType = text.plist.strings; name = "zh-Hans"; path = "zh-Hans.lproj/Localizable.strings"; sourceTree = "<group>"; };
		187FC80D274CB02300939612 /* Info.plist */ = {isa = PBXFileReference; lastKnownFileType = text.plist; path = Info.plist; sourceTree = "<group>"; };
		187FC814274E4D5B00939612 /* AppDimmerLoginHelper.app */ = {isa = PBXFileReference; explicitFileType = wrapper.application; includeInIndex = 0; path = AppDimmerLoginHelper.app; sourceTree = BUILT_PRODUCTS_DIR; };
		187FC816274E4D5B00939612 /* HelperAppDelegate.swift */ = {isa = PBXFileReference; lastKnownFileType = sourcecode.swift; path = HelperAppDelegate.swift; sourceTree = "<group>"; };
		187FC81A274E4D5D00939612 /* Assets.xcassets */ = {isa = PBXFileReference; lastKnownFileType = folder.assetcatalog; path = Assets.xcassets; sourceTree = "<group>"; };
		187FC81D274E4D5D00939612 /* Base */ = {isa = PBXFileReference; lastKnownFileType = file.storyboard; name = Base; path = Base.lproj/Main.storyboard; sourceTree = "<group>"; };
		187FC81F274E4D5D00939612 /* AppDimmerLoginHelper.entitlements */ = {isa = PBXFileReference; lastKnownFileType = text.plist.entitlements; path = AppDimmerLoginHelper.entitlements; sourceTree = "<group>"; };
		187FC823274E4E1200939612 /* Info.plist */ = {isa = PBXFileReference; lastKnownFileType = text.plist; path = Info.plist; sourceTree = "<group>"; };
		18FCCF32274B9317005FF1AD /* AppDimmer.app */ = {isa = PBXFileReference; explicitFileType = wrapper.application; includeInIndex = 0; path = AppDimmer.app; sourceTree = BUILT_PRODUCTS_DIR; };
		18FCCF35274B9317005FF1AD /* AppDelegate.swift */ = {isa = PBXFileReference; lastKnownFileType = sourcecode.swift; path = AppDelegate.swift; sourceTree = "<group>"; };
		18FCCF39274B9318005FF1AD /* Assets.xcassets */ = {isa = PBXFileReference; lastKnownFileType = folder.assetcatalog; path = Assets.xcassets; sourceTree = "<group>"; };
		18FCCF3C274B9318005FF1AD /* Base */ = {isa = PBXFileReference; lastKnownFileType = file.storyboard; name = Base; path = Base.lproj/Main.storyboard; sourceTree = "<group>"; };
		18FCCF3E274B9318005FF1AD /* AppDimmer.entitlements */ = {isa = PBXFileReference; lastKnownFileType = text.plist.entitlements; path = AppDimmer.entitlements; sourceTree = "<group>"; };
/* End PBXFileReference section */

/* Begin PBXFrameworksBuildPhase section */
		187FC811274E4D5B00939612 /* Frameworks */ = {
			isa = PBXFrameworksBuildPhase;
			buildActionMask = 2147483647;
			files = (
			);
			runOnlyForDeploymentPostprocessing = 0;
		};
		18FCCF2F274B9317005FF1AD /* Frameworks */ = {
			isa = PBXFrameworksBuildPhase;
			buildActionMask = 2147483647;
			files = (
				188A0E2E281984FE00ED08BF /* AXSwift in Frameworks */,
			);
			runOnlyForDeploymentPostprocessing = 0;
		};
/* End PBXFrameworksBuildPhase section */

/* Begin PBXGroup section */
		187FC815274E4D5B00939612 /* AppDimmerLoginHelper */ = {
			isa = PBXGroup;
			children = (
				187FC823274E4E1200939612 /* Info.plist */,
				187FC816274E4D5B00939612 /* HelperAppDelegate.swift */,
				187FC81A274E4D5D00939612 /* Assets.xcassets */,
				187FC81C274E4D5D00939612 /* Main.storyboard */,
				187FC81F274E4D5D00939612 /* AppDimmerLoginHelper.entitlements */,
			);
			path = AppDimmerLoginHelper;
			sourceTree = "<group>";
		};
		18FCCF29274B9317005FF1AD = {
			isa = PBXGroup;
			children = (
				18FCCF34274B9317005FF1AD /* AppDimmer */,
				187FC815274E4D5B00939612 /* AppDimmerLoginHelper */,
				18FCCF33274B9317005FF1AD /* Products */,
			);
			sourceTree = "<group>";
		};
		18FCCF33274B9317005FF1AD /* Products */ = {
			isa = PBXGroup;
			children = (
				18FCCF32274B9317005FF1AD /* AppDimmer.app */,
				187FC814274E4D5B00939612 /* AppDimmerLoginHelper.app */,
			);
			name = Products;
			sourceTree = "<group>";
		};
		18FCCF34274B9317005FF1AD /* AppDimmer */ = {
			isa = PBXGroup;
			children = (
				187FC80D274CB02300939612 /* Info.plist */,
				18FCCF35274B9317005FF1AD /* AppDelegate.swift */,
				183A362E274F53050001A80D /* Credits.rtfd */,
				183A3628274F4DF60001A80D /* Localizable.strings */,
				18FCCF39274B9318005FF1AD /* Assets.xcassets */,
				18FCCF3B274B9318005FF1AD /* Main.storyboard */,
				18FCCF3E274B9318005FF1AD /* AppDimmer.entitlements */,
			);
			path = AppDimmer;
			sourceTree = "<group>";
		};
/* End PBXGroup section */

/* Begin PBXNativeTarget section */
		187FC813274E4D5B00939612 /* AppDimmerLoginHelper */ = {
			isa = PBXNativeTarget;
			buildConfigurationList = 187FC822274E4D5D00939612 /* Build configuration list for PBXNativeTarget "AppDimmerLoginHelper" */;
			buildPhases = (
				187FC810274E4D5B00939612 /* Sources */,
				187FC811274E4D5B00939612 /* Frameworks */,
				187FC812274E4D5B00939612 /* Resources */,
			);
			buildRules = (
			);
			dependencies = (
			);
			name = AppDimmerLoginHelper;
			productName = DimQQLoginHelper;
			productReference = 187FC814274E4D5B00939612 /* AppDimmerLoginHelper.app */;
			productType = "com.apple.product-type.application";
		};
		18FCCF31274B9317005FF1AD /* AppDimmer */ = {
			isa = PBXNativeTarget;
			buildConfigurationList = 18FCCF57274B9318005FF1AD /* Build configuration list for PBXNativeTarget "AppDimmer" */;
			buildPhases = (
				18FCCF2E274B9317005FF1AD /* Sources */,
				18FCCF2F274B9317005FF1AD /* Frameworks */,
				18FCCF30274B9317005FF1AD /* Resources */,
				187FC826274E505300939612 /* CopyFiles */,
			);
			buildRules = (
			);
			dependencies = (
			);
			name = AppDimmer;
			packageProductDependencies = (
				188A0E2D281984FE00ED08BF /* AXSwift */,
			);
			productName = DimQQ;
			productReference = 18FCCF32274B9317005FF1AD /* AppDimmer.app */;
			productType = "com.apple.product-type.application";
		};
/* End PBXNativeTarget section */

/* Begin PBXProject section */
		18FCCF2A274B9317005FF1AD /* Project object */ = {
			isa = PBXProject;
			attributes = {
				BuildIndependentTargetsInParallel = 1;
				LastSwiftUpdateCheck = 1310;
				LastUpgradeCheck = 1310;
				TargetAttributes = {
					187FC813274E4D5B00939612 = {
						CreatedOnToolsVersion = 13.1;
					};
					18FCCF31274B9317005FF1AD = {
						CreatedOnToolsVersion = 13.1;
					};
				};
			};
			buildConfigurationList = 18FCCF2D274B9317005FF1AD /* Build configuration list for PBXProject "AppDimmer" */;
			compatibilityVersion = "Xcode 13.0";
			developmentRegion = en;
			hasScannedForEncodings = 0;
			knownRegions = (
				en,
				Base,
				"zh-Hans",
				"zh-Hant",
				"zh-HK",
			);
			mainGroup = 18FCCF29274B9317005FF1AD;
			packageReferences = (
				188A0E2C281984FE00ED08BF /* XCRemoteSwiftPackageReference "AXSwift" */,
			);
			productRefGroup = 18FCCF33274B9317005FF1AD /* Products */;
			projectDirPath = "";
			projectRoot = "";
			targets = (
				18FCCF31274B9317005FF1AD /* AppDimmer */,
				187FC813274E4D5B00939612 /* AppDimmerLoginHelper */,
			);
		};
/* End PBXProject section */

/* Begin PBXResourcesBuildPhase section */
		187FC812274E4D5B00939612 /* Resources */ = {
			isa = PBXResourcesBuildPhase;
			buildActionMask = 2147483647;
			files = (
				187FC81B274E4D5D00939612 /* Assets.xcassets in Resources */,
				187FC81E274E4D5D00939612 /* Main.storyboard in Resources */,
			);
			runOnlyForDeploymentPostprocessing = 0;
		};
		18FCCF30274B9317005FF1AD /* Resources */ = {
			isa = PBXResourcesBuildPhase;
			buildActionMask = 2147483647;
			files = (
				183A362C274F53050001A80D /* Credits.rtfd in Resources */,
				183A3626274F4DF60001A80D /* Localizable.strings in Resources */,
				18FCCF3A274B9318005FF1AD /* Assets.xcassets in Resources */,
				18FCCF3D274B9318005FF1AD /* Main.storyboard in Resources */,
			);
			runOnlyForDeploymentPostprocessing = 0;
		};
/* End PBXResourcesBuildPhase section */

/* Begin PBXSourcesBuildPhase section */
		187FC810274E4D5B00939612 /* Sources */ = {
			isa = PBXSourcesBuildPhase;
			buildActionMask = 2147483647;
			files = (
				187FC817274E4D5B00939612 /* HelperAppDelegate.swift in Sources */,
			);
			runOnlyForDeploymentPostprocessing = 0;
		};
		18FCCF2E274B9317005FF1AD /* Sources */ = {
			isa = PBXSourcesBuildPhase;
			buildActionMask = 2147483647;
			files = (
				18FCCF36274B9317005FF1AD /* AppDelegate.swift in Sources */,
			);
			runOnlyForDeploymentPostprocessing = 0;
		};
/* End PBXSourcesBuildPhase section */

/* Begin PBXVariantGroup section */
		183A3628274F4DF60001A80D /* Localizable.strings */ = {
			isa = PBXVariantGroup;
			children = (
				183A3627274F4DF60001A80D /* en */,
				183A362A274F4E040001A80D /* zh-Hant */,
				183A362B274F4E110001A80D /* zh-HK */,
				183A3636274F5B990001A80D /* zh-Hans */,
			);
			name = Localizable.strings;
			sourceTree = "<group>";
		};
		183A362E274F53050001A80D /* Credits.rtfd */ = {
			isa = PBXVariantGroup;
			children = (
				183A362D274F53050001A80D /* Base */,
				183A362F274F53080001A80D /* en */,
				183A3630274F530C0001A80D /* zh-HK */,
				183A3632274F530D0001A80D /* zh-Hant */,
				183A3635274F5B510001A80D /* zh-Hans */,
			);
			name = Credits.rtfd;
			sourceTree = "<group>";
		};
		187FC81C274E4D5D00939612 /* Main.storyboard */ = {
			isa = PBXVariantGroup;
			children = (
				187FC81D274E4D5D00939612 /* Base */,
			);
			name = Main.storyboard;
			sourceTree = "<group>";
		};
		18FCCF3B274B9318005FF1AD /* Main.storyboard */ = {
			isa = PBXVariantGroup;
			children = (
				18FCCF3C274B9318005FF1AD /* Base */,
			);
			name = Main.storyboard;
			sourceTree = "<group>";
		};
/* End PBXVariantGroup section */

/* Begin XCBuildConfiguration section */
		187FC820274E4D5D00939612 /* Debug */ = {
			isa = XCBuildConfiguration;
			buildSettings = {
				ASSETCATALOG_COMPILER_APPICON_NAME = AppIcon;
				ASSETCATALOG_COMPILER_GLOBAL_ACCENT_COLOR_NAME = AccentColor;
				CODE_SIGN_ENTITLEMENTS = AppDimmerLoginHelper/AppDimmerLoginHelper.entitlements;
				CODE_SIGN_STYLE = Automatic;
				COMBINE_HIDPI_IMAGES = YES;
				CURRENT_PROJECT_VERSION = 4;
				DEVELOPMENT_TEAM = L4T783637F;
				ENABLE_HARDENED_RUNTIME = YES;
				GENERATE_INFOPLIST_FILE = YES;
				INFOPLIST_FILE = AppDimmerLoginHelper/Info.plist;
				INFOPLIST_KEY_NSHumanReadableCopyright = "";
				INFOPLIST_KEY_NSMainStoryboardFile = Main;
				INFOPLIST_KEY_NSPrincipalClass = NSApplication;
				LD_RUNPATH_SEARCH_PATHS = (
					"$(inherited)",
					"@executable_path/../Frameworks",
				);
				MACOSX_DEPLOYMENT_TARGET = 10.15;
				MARKETING_VERSION = 0.2.2;
				PRODUCT_BUNDLE_IDENTIFIER = com.lihaoyun6.AppDimmerLoginHelper;
				PRODUCT_NAME = "$(TARGET_NAME)";
				SKIP_INSTALL = YES;
				SWIFT_EMIT_LOC_STRINGS = YES;
				SWIFT_VERSION = 5.0;
			};
			name = Debug;
		};
		187FC821274E4D5D00939612 /* Release */ = {
			isa = XCBuildConfiguration;
			buildSettings = {
				ASSETCATALOG_COMPILER_APPICON_NAME = AppIcon;
				ASSETCATALOG_COMPILER_GLOBAL_ACCENT_COLOR_NAME = AccentColor;
				CODE_SIGN_ENTITLEMENTS = AppDimmerLoginHelper/AppDimmerLoginHelper.entitlements;
				CODE_SIGN_STYLE = Automatic;
				COMBINE_HIDPI_IMAGES = YES;
				CURRENT_PROJECT_VERSION = 4;
				DEVELOPMENT_TEAM = L4T783637F;
				ENABLE_HARDENED_RUNTIME = YES;
				GENERATE_INFOPLIST_FILE = YES;
				INFOPLIST_FILE = AppDimmerLoginHelper/Info.plist;
				INFOPLIST_KEY_NSHumanReadableCopyright = "";
				INFOPLIST_KEY_NSMainStoryboardFile = Main;
				INFOPLIST_KEY_NSPrincipalClass = NSApplication;
				LD_RUNPATH_SEARCH_PATHS = (
					"$(inherited)",
					"@executable_path/../Frameworks",
				);
				MACOSX_DEPLOYMENT_TARGET = 10.15;
				MARKETING_VERSION = 0.2.2;
				PRODUCT_BUNDLE_IDENTIFIER = com.lihaoyun6.AppDimmerLoginHelper;
				PRODUCT_NAME = "$(TARGET_NAME)";
				SKIP_INSTALL = YES;
				SWIFT_EMIT_LOC_STRINGS = YES;
				SWIFT_VERSION = 5.0;
			};
			name = Release;
		};
		18FCCF55274B9318005FF1AD /* Debug */ = {
			isa = XCBuildConfiguration;
			buildSettings = {
				ALWAYS_SEARCH_USER_PATHS = NO;
				CLANG_ANALYZER_LOCALIZABILITY_NONLOCALIZED = YES;
				CLANG_ANALYZER_NONNULL = YES;
				CLANG_ANALYZER_NUMBER_OBJECT_CONVERSION = YES_AGGRESSIVE;
				CLANG_CXX_LANGUAGE_STANDARD = "gnu++17";
				CLANG_CXX_LIBRARY = "libc++";
				CLANG_ENABLE_MODULES = YES;
				CLANG_ENABLE_OBJC_ARC = YES;
				CLANG_ENABLE_OBJC_WEAK = YES;
				CLANG_WARN_BLOCK_CAPTURE_AUTORELEASING = YES;
				CLANG_WARN_BOOL_CONVERSION = YES;
				CLANG_WARN_COMMA = YES;
				CLANG_WARN_CONSTANT_CONVERSION = YES;
				CLANG_WARN_DEPRECATED_OBJC_IMPLEMENTATIONS = YES;
				CLANG_WARN_DIRECT_OBJC_ISA_USAGE = YES_ERROR;
				CLANG_WARN_DOCUMENTATION_COMMENTS = YES;
				CLANG_WARN_EMPTY_BODY = YES;
				CLANG_WARN_ENUM_CONVERSION = YES;
				CLANG_WARN_INFINITE_RECURSION = YES;
				CLANG_WARN_INT_CONVERSION = YES;
				CLANG_WARN_NON_LITERAL_NULL_CONVERSION = YES;
				CLANG_WARN_OBJC_IMPLICIT_RETAIN_SELF = YES;
				CLANG_WARN_OBJC_LITERAL_CONVERSION = YES;
				CLANG_WARN_OBJC_ROOT_CLASS = YES_ERROR;
				CLANG_WARN_QUOTED_INCLUDE_IN_FRAMEWORK_HEADER = YES;
				CLANG_WARN_RANGE_LOOP_ANALYSIS = YES;
				CLANG_WARN_STRICT_PROTOTYPES = YES;
				CLANG_WARN_SUSPICIOUS_MOVE = YES;
				CLANG_WARN_UNGUARDED_AVAILABILITY = YES_AGGRESSIVE;
				CLANG_WARN_UNREACHABLE_CODE = YES;
				CLANG_WARN__DUPLICATE_METHOD_MATCH = YES;
				COPY_PHASE_STRIP = NO;
				DEBUG_INFORMATION_FORMAT = dwarf;
				ENABLE_STRICT_OBJC_MSGSEND = YES;
				ENABLE_TESTABILITY = YES;
				GCC_C_LANGUAGE_STANDARD = gnu11;
				GCC_DYNAMIC_NO_PIC = NO;
				GCC_NO_COMMON_BLOCKS = YES;
				GCC_OPTIMIZATION_LEVEL = 0;
				GCC_PREPROCESSOR_DEFINITIONS = (
					"DEBUG=1",
					"$(inherited)",
				);
				GCC_WARN_64_TO_32_BIT_CONVERSION = YES;
				GCC_WARN_ABOUT_RETURN_TYPE = YES_ERROR;
				GCC_WARN_UNDECLARED_SELECTOR = YES;
				GCC_WARN_UNINITIALIZED_AUTOS = YES_AGGRESSIVE;
				GCC_WARN_UNUSED_FUNCTION = YES;
				GCC_WARN_UNUSED_VARIABLE = YES;
				MACOSX_DEPLOYMENT_TARGET = 12.0;
				MTL_ENABLE_DEBUG_INFO = INCLUDE_SOURCE;
				MTL_FAST_MATH = YES;
				ONLY_ACTIVE_ARCH = YES;
				SDKROOT = macosx;
				SWIFT_ACTIVE_COMPILATION_CONDITIONS = DEBUG;
				SWIFT_OPTIMIZATION_LEVEL = "-Onone";
			};
			name = Debug;
		};
		18FCCF56274B9318005FF1AD /* Release */ = {
			isa = XCBuildConfiguration;
			buildSettings = {
				ALWAYS_SEARCH_USER_PATHS = NO;
				CLANG_ANALYZER_LOCALIZABILITY_NONLOCALIZED = YES;
				CLANG_ANALYZER_NONNULL = YES;
				CLANG_ANALYZER_NUMBER_OBJECT_CONVERSION = YES_AGGRESSIVE;
				CLANG_CXX_LANGUAGE_STANDARD = "gnu++17";
				CLANG_CXX_LIBRARY = "libc++";
				CLANG_ENABLE_MODULES = YES;
				CLANG_ENABLE_OBJC_ARC = YES;
				CLANG_ENABLE_OBJC_WEAK = YES;
				CLANG_WARN_BLOCK_CAPTURE_AUTORELEASING = YES;
				CLANG_WARN_BOOL_CONVERSION = YES;
				CLANG_WARN_COMMA = YES;
				CLANG_WARN_CONSTANT_CONVERSION = YES;
				CLANG_WARN_DEPRECATED_OBJC_IMPLEMENTATIONS = YES;
				CLANG_WARN_DIRECT_OBJC_ISA_USAGE = YES_ERROR;
				CLANG_WARN_DOCUMENTATION_COMMENTS = YES;
				CLANG_WARN_EMPTY_BODY = YES;
				CLANG_WARN_ENUM_CONVERSION = YES;
				CLANG_WARN_INFINITE_RECURSION = YES;
				CLANG_WARN_INT_CONVERSION = YES;
				CLANG_WARN_NON_LITERAL_NULL_CONVERSION = YES;
				CLANG_WARN_OBJC_IMPLICIT_RETAIN_SELF = YES;
				CLANG_WARN_OBJC_LITERAL_CONVERSION = YES;
				CLANG_WARN_OBJC_ROOT_CLASS = YES_ERROR;
				CLANG_WARN_QUOTED_INCLUDE_IN_FRAMEWORK_HEADER = YES;
				CLANG_WARN_RANGE_LOOP_ANALYSIS = YES;
				CLANG_WARN_STRICT_PROTOTYPES = YES;
				CLANG_WARN_SUSPICIOUS_MOVE = YES;
				CLANG_WARN_UNGUARDED_AVAILABILITY = YES_AGGRESSIVE;
				CLANG_WARN_UNREACHABLE_CODE = YES;
				CLANG_WARN__DUPLICATE_METHOD_MATCH = YES;
				COPY_PHASE_STRIP = NO;
				DEBUG_INFORMATION_FORMAT = "dwarf-with-dsym";
				ENABLE_NS_ASSERTIONS = NO;
				ENABLE_STRICT_OBJC_MSGSEND = YES;
				GCC_C_LANGUAGE_STANDARD = gnu11;
				GCC_NO_COMMON_BLOCKS = YES;
				GCC_WARN_64_TO_32_BIT_CONVERSION = YES;
				GCC_WARN_ABOUT_RETURN_TYPE = YES_ERROR;
				GCC_WARN_UNDECLARED_SELECTOR = YES;
				GCC_WARN_UNINITIALIZED_AUTOS = YES_AGGRESSIVE;
				GCC_WARN_UNUSED_FUNCTION = YES;
				GCC_WARN_UNUSED_VARIABLE = YES;
				MACOSX_DEPLOYMENT_TARGET = 12.0;
				MTL_ENABLE_DEBUG_INFO = NO;
				MTL_FAST_MATH = YES;
				SDKROOT = macosx;
				SWIFT_COMPILATION_MODE = wholemodule;
				SWIFT_OPTIMIZATION_LEVEL = "-O";
			};
			name = Release;
		};
		18FCCF58274B9318005FF1AD /* Debug */ = {
			isa = XCBuildConfiguration;
			buildSettings = {
				ASSETCATALOG_COMPILER_APPICON_NAME = AppIcon;
				ASSETCATALOG_COMPILER_GLOBAL_ACCENT_COLOR_NAME = AccentColor;
				ASSETCATALOG_COMPILER_INCLUDE_ALL_APPICON_ASSETS = NO;
				CODE_SIGN_ENTITLEMENTS = AppDimmer/AppDimmer.entitlements;
				CODE_SIGN_STYLE = Automatic;
				COMBINE_HIDPI_IMAGES = YES;
				CURRENT_PROJECT_VERSION = 20;
				DEVELOPMENT_TEAM = L4T783637F;
				ENABLE_HARDENED_RUNTIME = YES;
				GENERATE_INFOPLIST_FILE = YES;
				INFOPLIST_FILE = AppDimmer/Info.plist;
				INFOPLIST_KEY_LSApplicationCategoryType = "public.app-category.utilities";
				INFOPLIST_KEY_NSHumanReadableCopyright = "Copyright © 2022 lihaoyun6. All rights reserved.";
				INFOPLIST_KEY_NSMainStoryboardFile = Main;
				INFOPLIST_KEY_NSPrincipalClass = NSApplication;
				LD_RUNPATH_SEARCH_PATHS = (
					"$(inherited)",
					"@executable_path/../Frameworks",
				);
				MACOSX_DEPLOYMENT_TARGET = 10.15;
				MARKETING_VERSION = 0.3.5;
				PRODUCT_BUNDLE_IDENTIFIER = com.lihaoyun6.AppDimmer;
				PRODUCT_NAME = "$(TARGET_NAME)";
				SWIFT_EMIT_LOC_STRINGS = YES;
				SWIFT_VERSION = 5.0;
			};
			name = Debug;
		};
		18FCCF59274B9318005FF1AD /* Release */ = {
			isa = XCBuildConfiguration;
			buildSettings = {
				ASSETCATALOG_COMPILER_APPICON_NAME = AppIcon;
				ASSETCATALOG_COMPILER_GLOBAL_ACCENT_COLOR_NAME = AccentColor;
				ASSETCATALOG_COMPILER_INCLUDE_ALL_APPICON_ASSETS = NO;
				CODE_SIGN_ENTITLEMENTS = AppDimmer/AppDimmer.entitlements;
				CODE_SIGN_STYLE = Automatic;
				COMBINE_HIDPI_IMAGES = YES;
				CURRENT_PROJECT_VERSION = 20;
				DEVELOPMENT_TEAM = L4T783637F;
				ENABLE_HARDENED_RUNTIME = YES;
				GENERATE_INFOPLIST_FILE = YES;
				INFOPLIST_FILE = AppDimmer/Info.plist;
				INFOPLIST_KEY_LSApplicationCategoryType = "public.app-category.utilities";
				INFOPLIST_KEY_NSHumanReadableCopyright = "Copyright © 2022 lihaoyun6. All rights reserved.";
				INFOPLIST_KEY_NSMainStoryboardFile = Main;
				INFOPLIST_KEY_NSPrincipalClass = NSApplication;
				LD_RUNPATH_SEARCH_PATHS = (
					"$(inherited)",
					"@executable_path/../Frameworks",
				);
				MACOSX_DEPLOYMENT_TARGET = 10.15;
				MARKETING_VERSION = 0.3.5;
				PRODUCT_BUNDLE_IDENTIFIER = com.lihaoyun6.AppDimmer;
				PRODUCT_NAME = "$(TARGET_NAME)";
				SWIFT_EMIT_LOC_STRINGS = YES;
				SWIFT_VERSION = 5.0;
			};
			name = Release;
		};
/* End XCBuildConfiguration section */

/* Begin XCConfigurationList section */
		187FC822274E4D5D00939612 /* Build configuration list for PBXNativeTarget "AppDimmerLoginHelper" */ = {
			isa = XCConfigurationList;
			buildConfigurations = (
				187FC820274E4D5D00939612 /* Debug */,
				187FC821274E4D5D00939612 /* Release */,
			);
			defaultConfigurationIsVisible = 0;
			defaultConfigurationName = Release;
		};
		18FCCF2D274B9317005FF1AD /* Build configuration list for PBXProject "AppDimmer" */ = {
			isa = XCConfigurationList;
			buildConfigurations = (
				18FCCF55274B9318005FF1AD /* Debug */,
				18FCCF56274B9318005FF1AD /* Release */,
			);
			defaultConfigurationIsVisible = 0;
			defaultConfigurationName = Release;
		};
		18FCCF57274B9318005FF1AD /* Build configuration list for PBXNativeTarget "AppDimmer" */ = {
			isa = XCConfigurationList;
			buildConfigurations = (
				18FCCF58274B9318005FF1AD /* Debug */,
				18FCCF59274B9318005FF1AD /* Release */,
			);
			defaultConfigurationIsVisible = 0;
			defaultConfigurationName = Release;
		};
/* End XCConfigurationList section */

/* Begin XCRemoteSwiftPackageReference section */
		188A0E2C281984FE00ED08BF /* XCRemoteSwiftPackageReference "AXSwift" */ = {
			isa = XCRemoteSwiftPackageReference;
			repositoryURL = "https://github.com/tmandry/AXSwift";
			requirement = {
				branch = main;
				kind = branch;
			};
		};
/* End XCRemoteSwiftPackageReference section */

/* Begin XCSwiftPackageProductDependency section */
		188A0E2D281984FE00ED08BF /* AXSwift */ = {
			isa = XCSwiftPackageProductDependency;
			package = 188A0E2C281984FE00ED08BF /* XCRemoteSwiftPackageReference "AXSwift" */;
			productName = AXSwift;
		};
/* End XCSwiftPackageProductDependency section */
	};
	rootObject = 18FCCF2A274B9317005FF1AD /* Project object */;
}
